// !$*UTF8*$!
{
	archiveVersion = 1;
	classes = {
	};
	objectVersion = 50;
	objects = {

/* Begin PBXBuildFile section */
		1C610ECA25DB7391002BDA4E /* blog_swiftApp.swift in Sources */ = {isa = PBXBuildFile; fileRef = 1C610EC925DB7391002BDA4E /* blog_swiftApp.swift */; };
		1C610ECC25DB7391002BDA4E /* ContentView.swift in Sources */ = {isa = PBXBuildFile; fileRef = 1C610ECB25DB7391002BDA4E /* ContentView.swift */; };
		1C610ECE25DB7396002BDA4E /* Assets.xcassets in Resources */ = {isa = PBXBuildFile; fileRef = 1C610ECD25DB7396002BDA4E /* Assets.xcassets */; };
		1C610ED125DB7396002BDA4E /* Preview Assets.xcassets in Resources */ = {isa = PBXBuildFile; fileRef = 1C610ED025DB7396002BDA4E /* Preview Assets.xcassets */; };
		1C610EDA25DB795E002BDA4E /* SinglePost.swift in Sources */ = {isa = PBXBuildFile; fileRef = 1C610ED925DB795E002BDA4E /* SinglePost.swift */; };
		1C610EE325DB80DF002BDA4E /* PostPreview.swift in Sources */ = {isa = PBXBuildFile; fileRef = 1C610EE225DB80DF002BDA4E /* PostPreview.swift */; };
/* End PBXBuildFile section */

/* Begin PBXFileReference section */
		1C610EC625DB7391002BDA4E /* blog-swift.app */ = {isa = PBXFileReference; explicitFileType = wrapper.application; includeInIndex = 0; path = "blog-swift.app"; sourceTree = BUILT_PRODUCTS_DIR; };
		1C610EC925DB7391002BDA4E /* blog_swiftApp.swift */ = {isa = PBXFileReference; lastKnownFileType = sourcecode.swift; path = blog_swiftApp.swift; sourceTree = "<group>"; };
		1C610ECB25DB7391002BDA4E /* ContentView.swift */ = {isa = PBXFileReference; lastKnownFileType = sourcecode.swift; path = ContentView.swift; sourceTree = "<group>"; };
		1C610ECD25DB7396002BDA4E /* Assets.xcassets */ = {isa = PBXFileReference; lastKnownFileType = folder.assetcatalog; path = Assets.xcassets; sourceTree = "<group>"; };
		1C610ED025DB7396002BDA4E /* Preview Assets.xcassets */ = {isa = PBXFileReference; lastKnownFileType = folder.assetcatalog; path = "Preview Assets.xcassets"; sourceTree = "<group>"; };
		1C610ED225DB7396002BDA4E /* Info.plist */ = {isa = PBXFileReference; lastKnownFileType = text.plist.xml; path = Info.plist; sourceTree = "<group>"; };
		1C610ED925DB795E002BDA4E /* SinglePost.swift */ = {isa = PBXFileReference; lastKnownFileType = sourcecode.swift; path = SinglePost.swift; sourceTree = "<group>"; };
		1C610EE225DB80DF002BDA4E /* PostPreview.swift */ = {isa = PBXFileReference; lastKnownFileType = sourcecode.swift; path = PostPreview.swift; sourceTree = "<group>"; };
/* End PBXFileReference section */

/* Begin PBXFrameworksBuildPhase section */
		1C610EC325DB7391002BDA4E /* Frameworks */ = {
			isa = PBXFrameworksBuildPhase;
			buildActionMask = 2147483647;
			files = (
			);
			runOnlyForDeploymentPostprocessing = 0;
		};
/* End PBXFrameworksBuildPhase section */

/* Begin PBXGroup section */
		1C610EBD25DB7391002BDA4E = {
			isa = PBXGroup;
			children = (
				1C610EC825DB7391002BDA4E /* blog-swift */,
				1C610EC725DB7391002BDA4E /* Products */,
			);
			sourceTree = "<group>";
		};
		1C610EC725DB7391002BDA4E /* Products */ = {
			isa = PBXGroup;
			children = (
				1C610EC625DB7391002BDA4E /* blog-swift.app */,
			);
			name = Products;
			sourceTree = "<group>";
		};
		1C610EC825DB7391002BDA4E /* blog-swift */ = {
			isa = PBXGroup;
			children = (
				1C610EC925DB7391002BDA4E /* blog_swiftApp.swift */,
				1C610ECB25DB7391002BDA4E /* ContentView.swift */,
				1C610EE225DB80DF002BDA4E /* PostPreview.swift */,
				1C610ECD25DB7396002BDA4E /* Assets.xcassets */,
				1C610ED225DB7396002BDA4E /* Info.plist */,
				1C610ECF25DB7396002BDA4E /* Preview Content */,
				1C610ED925DB795E002BDA4E /* SinglePost.swift */,
			);
			path = "blog-swift";
			sourceTree = "<group>";
		};
		1C610ECF25DB7396002BDA4E /* Preview Content */ = {
			isa = PBXGroup;
			children = (
				1C610ED025DB7396002BDA4E /* Preview Assets.xcassets */,
			);
			path = "Preview Content";
			sourceTree = "<group>";
		};
/* End PBXGroup section */

/* Begin PBXNativeTarget section */
		1C610EC525DB7391002BDA4E /* blog-swift */ = {
			isa = PBXNativeTarget;
			buildConfigurationList = 1C610ED525DB7396002BDA4E /* Build configuration list for PBXNativeTarget "blog-swift" */;
			buildPhases = (
				1C610EC225DB7391002BDA4E /* Sources */,
				1C610EC325DB7391002BDA4E /* Frameworks */,
				1C610EC425DB7391002BDA4E /* Resources */,
			);
			buildRules = (
			);
			dependencies = (
			);
			name = "blog-swift";
			productName = "blog-swift";
			productReference = 1C610EC625DB7391002BDA4E /* blog-swift.app */;
			productType = "com.apple.product-type.application";
		};
/* End PBXNativeTarget section */

/* Begin PBXProject section */
		1C610EBE25DB7391002BDA4E /* Project object */ = {
			isa = PBXProject;
			attributes = {
				LastSwiftUpdateCheck = 1240;
				LastUpgradeCheck = 1240;
				TargetAttributes = {
					1C610EC525DB7391002BDA4E = {
						CreatedOnToolsVersion = 12.4;
					};
				};
			};
			buildConfigurationList = 1C610EC125DB7391002BDA4E /* Build configuration list for PBXProject "blog-swift" */;
			compatibilityVersion = "Xcode 9.3";
			developmentRegion = en;
			hasScannedForEncodings = 0;
			knownRegions = (
				en,
				Base,
			);
			mainGroup = 1C610EBD25DB7391002BDA4E;
			productRefGroup = 1C610EC725DB7391002BDA4E /* Products */;
			projectDirPath = "";
			projectRoot = "";
			targets = (
				1C610EC525DB7391002BDA4E /* blog-swift */,
			);
		};
/* End PBXProject section */

/* Begin PBXResourcesBuildPhase section */
		1C610EC425DB7391002BDA4E /* Resources */ = {
			isa = PBXResourcesBuildPhase;
			buildActionMask = 2147483647;
			files = (
				1C610ED125DB7396002BDA4E /* Preview Assets.xcassets in Resources */,
				1C610ECE25DB7396002BDA4E /* Assets.xcassets in Resources */,
			);
			runOnlyForDeploymentPostprocessing = 0;
		};
/* End PBXResourcesBuildPhase section */

/* Begin PBXSourcesBuildPhase section */
		1C610EC225DB7391002BDA4E /* Sources */ = {
			isa = PBXSourcesBuildPhase;
			buildActionMask = 2147483647;
			files = (
				1C610EE325DB80DF002BDA4E /* PostPreview.swift in Sources */,
				1C610ECC25DB7391002BDA4E /* ContentView.swift in Sources */,
				1C610ECA25DB7391002BDA4E /* blog_swiftApp.swift in Sources */,
				1C610EDA25DB795E002BDA4E /* SinglePost.swift in Sources */,
			);
			runOnlyForDeploymentPostprocessing = 0;
		};
/* End PBXSourcesBuildPhase section */

/* Begin XCBuildConfiguration section */
		1C610ED325DB7396002BDA4E /* Debug */ = {
			isa = XCBuildConfiguration;
			buildSettings = {
				ALWAYS_SEARCH_USER_PATHS = NO;
				CLANG_ANALYZER_NONNULL = YES;
				CLANG_ANALYZER_NUMBER_OBJECT_CONVERSION = YES_AGGRESSIVE;
				CLANG_CXX_LANGUAGE_STANDARD = "gnu++14";
				CLANG_CXX_LIBRARY = "libc++";
				CLANG_ENABLE_MODULES = YES;
				CLANG_ENABLE_OBJC_ARC = YES;
				CLANG_ENABLE_OBJC_WEAK = YES;
				CLANG_WARN_BLOCK_CAPTURE_AUTORELEASING = YES;
				CLANG_WARN_BOOL_CONVERSION = YES;
				CLANG_WARN_COMMA = YES;
				CLANG_WARN_CONSTANT_CONVERSION = YES;
				CLANG_WARN_DEPRECATED_OBJC_IMPLEMENTATIONS = YES;
				CLANG_WARN_DIRECT_OBJC_ISA_USAGE = YES_ERROR;
				CLANG_WARN_DOCUMENTATION_COMMENTS = YES;
				CLANG_WARN_EMPTY_BODY = YES;
				CLANG_WARN_ENUM_CONVERSION = YES;
				CLANG_WARN_INFINITE_RECURSION = YES;
				CLANG_WARN_INT_CONVERSION = YES;
				CLANG_WARN_NON_LITERAL_NULL_CONVERSION = YES;
				CLANG_WARN_OBJC_IMPLICIT_RETAIN_SELF = YES;
				CLANG_WARN_OBJC_LITERAL_CONVERSION = YES;
				CLANG_WARN_OBJC_ROOT_CLASS = YES_ERROR;
				CLANG_WARN_QUOTED_INCLUDE_IN_FRAMEWORK_HEADER = YES;
				CLANG_WARN_RANGE_LOOP_ANALYSIS = YES;
				CLANG_WARN_STRICT_PROTOTYPES = YES;
				CLANG_WARN_SUSPICIOUS_MOVE = YES;
				CLANG_WARN_UNGUARDED_AVAILABILITY = YES_AGGRESSIVE;
				CLANG_WARN_UNREACHABLE_CODE = YES;
				CLANG_WARN__DUPLICATE_METHOD_MATCH = YES;
				COPY_PHASE_STRIP = NO;
				DEBUG_INFORMATION_FORMAT = dwarf;
				ENABLE_STRICT_OBJC_MSGSEND = YES;
				ENABLE_TESTABILITY = YES;
				GCC_C_LANGUAGE_STANDARD = gnu11;
				GCC_DYNAMIC_NO_PIC = NO;
				GCC_NO_COMMON_BLOCKS = YES;
				GCC_OPTIMIZATION_LEVEL = 0;
				GCC_PREPROCESSOR_DEFINITIONS = (
					"DEBUG=1",
					"$(inherited)",
				);
				GCC_WARN_64_TO_32_BIT_CONVERSION = YES;
				GCC_WARN_ABOUT_RETURN_TYPE = YES_ERROR;
				GCC_WARN_UNDECLARED_SELECTOR = YES;
				GCC_WARN_UNINITIALIZED_AUTOS = YES_AGGRESSIVE;
				GCC_WARN_UNUSED_FUNCTION = YES;
				GCC_WARN_UNUSED_VARIABLE = YES;
				IPHONEOS_DEPLOYMENT_TARGET = 14.4;
				MTL_ENABLE_DEBUG_INFO = INCLUDE_SOURCE;
				MTL_FAST_MATH = YES;
				ONLY_ACTIVE_ARCH = YES;
				SDKROOT = iphoneos;
				SWIFT_ACTIVE_COMPILATION_CONDITIONS = DEBUG;
				SWIFT_OPTIMIZATION_LEVEL = "-Onone";
			};
			name = Debug;
		};
		1C610ED425DB7396002BDA4E /* Release */ = {
			isa = XCBuildConfiguration;
			buildSettings = {
				ALWAYS_SEARCH_USER_PATHS = NO;
				CLANG_ANALYZER_NONNULL = YES;
				CLANG_ANALYZER_NUMBER_OBJECT_CONVERSION = YES_AGGRESSIVE;
				CLANG_CXX_LANGUAGE_STANDARD = "gnu++14";
				CLANG_CXX_LIBRARY = "libc++";
				CLANG_ENABLE_MODULES = YES;
				CLANG_ENABLE_OBJC_ARC = YES;
				CLANG_ENABLE_OBJC_WEAK = YES;
				CLANG_WARN_BLOCK_CAPTURE_AUTORELEASING = YES;
				CLANG_WARN_BOOL_CONVERSION = YES;
				CLANG_WARN_COMMA = YES;
				CLANG_WARN_CONSTANT_CONVERSION = YES;
				CLANG_WARN_DEPRECATED_OBJC_IMPLEMENTATIONS = YES;
				CLANG_WARN_DIRECT_OBJC_ISA_USAGE = YES_ERROR;
				CLANG_WARN_DOCUMENTATION_COMMENTS = YES;
				CLANG_WARN_EMPTY_BODY = YES;
				CLANG_WARN_ENUM_CONVERSION = YES;
				CLANG_WARN_INFINITE_RECURSION = YES;
				CLANG_WARN_INT_CONVERSION = YES;
				CLANG_WARN_NON_LITERAL_NULL_CONVERSION = YES;
				CLANG_WARN_OBJC_IMPLICIT_RETAIN_SELF = YES;
				CLANG_WARN_OBJC_LITERAL_CONVERSION = YES;
				CLANG_WARN_OBJC_ROOT_CLASS = YES_ERROR;
				CLANG_WARN_QUOTED_INCLUDE_IN_FRAMEWORK_HEADER = YES;
				CLANG_WARN_RANGE_LOOP_ANALYSIS = YES;
				CLANG_WARN_STRICT_PROTOTYPES = YES;
				CLANG_WARN_SUSPICIOUS_MOVE = YES;
				CLANG_WARN_UNGUARDED_AVAILABILITY = YES_AGGRESSIVE;
				CLANG_WARN_UNREACHABLE_CODE = YES;
				CLANG_WARN__DUPLICATE_METHOD_MATCH = YES;
				COPY_PHASE_STRIP = NO;
				DEBUG_INFORMATION_FORMAT = "dwarf-with-dsym";
				ENABLE_NS_ASSERTIONS = NO;
				ENABLE_STRICT_OBJC_MSGSEND = YES;
				GCC_C_LANGUAGE_STANDARD = gnu11;
				GCC_NO_COMMON_BLOCKS = YES;
				GCC_WARN_64_TO_32_BIT_CONVERSION = YES;
				GCC_WARN_ABOUT_RETURN_TYPE = YES_ERROR;
				GCC_WARN_UNDECLARED_SELECTOR = YES;
				GCC_WARN_UNINITIALIZED_AUTOS = YES_AGGRESSIVE;
				GCC_WARN_UNUSED_FUNCTION = YES;
				GCC_WARN_UNUSED_VARIABLE = YES;
				IPHONEOS_DEPLOYMENT_TARGET = 14.4;
				MTL_ENABLE_DEBUG_INFO = NO;
				MTL_FAST_MATH = YES;
				SDKROOT = iphoneos;
				SWIFT_COMPILATION_MODE = wholemodule;
				SWIFT_OPTIMIZATION_LEVEL = "-O";
				VALIDATE_PRODUCT = YES;
			};
			name = Release;
		};
		1C610ED625DB7396002BDA4E /* Debug */ = {
			isa = XCBuildConfiguration;
			buildSettings = {
				ASSETCATALOG_COMPILER_APPICON_NAME = AppIcon;
				ASSETCATALOG_COMPILER_GLOBAL_ACCENT_COLOR_NAME = AccentColor;
				CODE_SIGN_STYLE = Automatic;
				DEVELOPMENT_ASSET_PATHS = "\"blog-swift/Preview Content\"";
				DEVELOPMENT_TEAM = 777FTD4UQA;
				ENABLE_PREVIEWS = YES;
				INFOPLIST_FILE = "blog-swift/Info.plist";
				IPHONEOS_DEPLOYMENT_TARGET = 14.0;
				LD_RUNPATH_SEARCH_PATHS = (
					"$(inherited)",
					"@executable_path/Frameworks",
				);
				PRODUCT_BUNDLE_IDENTIFIER = "com.example.blog-swift";
				PRODUCT_NAME = "$(TARGET_NAME)";
				SWIFT_VERSION = 5.0;
				TARGETED_DEVICE_FAMILY = "1,2";
			};
			name = Debug;
		};
		1C610ED725DB7396002BDA4E /* Release */ = {
			isa = XCBuildConfiguration;
			buildSettings = {
				ASSETCATALOG_COMPILER_APPICON_NAME = AppIcon;
				ASSETCATALOG_COMPILER_GLOBAL_ACCENT_COLOR_NAME = AccentColor;
				CODE_SIGN_STYLE = Automatic;
				DEVELOPMENT_ASSET_PATHS = "\"blog-swift/Preview Content\"";
				DEVELOPMENT_TEAM = 777FTD4UQA;
				ENABLE_PREVIEWS = YES;
				INFOPLIST_FILE = "blog-swift/Info.plist";
				IPHONEOS_DEPLOYMENT_TARGET = 14.0;
				LD_RUNPATH_SEARCH_PATHS = (
					"$(inherited)",
					"@executable_path/Frameworks",
				);
				PRODUCT_BUNDLE_IDENTIFIER = "com.example.blog-swift";
				PRODUCT_NAME = "$(TARGET_NAME)";
				SWIFT_VERSION = 5.0;
				TARGETED_DEVICE_FAMILY = "1,2";
			};
			name = Release;
		};
/* End XCBuildConfiguration section */

/* Begin XCConfigurationList section */
		1C610EC125DB7391002BDA4E /* Build configuration list for PBXProject "blog-swift" */ = {
			isa = XCConfigurationList;
			buildConfigurations = (
				1C610ED325DB7396002BDA4E /* Debug */,
				1C610ED425DB7396002BDA4E /* Release */,
			);
			defaultConfigurationIsVisible = 0;
			defaultConfigurationName = Release;
		};
		1C610ED525DB7396002BDA4E /* Build configuration list for PBXNativeTarget "blog-swift" */ = {
			isa = XCConfigurationList;
			buildConfigurations = (
				1C610ED625DB7396002BDA4E /* Debug */,
				1C610ED725DB7396002BDA4E /* Release */,
			);
			defaultConfigurationIsVisible = 0;
			defaultConfigurationName = Release;
		};
/* End XCConfigurationList section */
	};
	rootObject = 1C610EBE25DB7391002BDA4E /* Project object */;
}
